
Microsoft Visual Studio Solution File, Format Version 12.00
# Visual Studio 15
VisualStudioVersion = 15.0.28010.0
MinimumVisualStudioVersion = 10.0.40219.1
Project("{8BC9CEB8-8B4A-11D0-8D11-00A0C91BC942}") = "SysInfo", "SysInfo\SysInfo.vcxproj", "{63880FF7-9A4A-42A4-99E7-59DC0B8A486F}"
EndProject
Global
	GlobalSection(SolutionConfigurationPlatforms) = preSolution
		Debug|x64 = Debug|x64
		Debug|x86 = Debug|x86
		Release|x64 = Release|x64
		Release|x86 = Release|x86
	EndGlobalSection
	GlobalSection(ProjectConfigurationPlatforms) = postSolution
		{63880FF7-9A4A-42A4-99E7-59DC0B8A486F}.Debug|x64.ActiveCfg = Debug|x64
		{63880FF7-9A4A-42A4-99E7-59DC0B8A486F}.Debug|x64.Build.0 = Debug|x64
		{63880FF7-9A4A-42A4-99E7-59DC0B8A486F}.Debug|x86.ActiveCfg = Debug|Win32
		{63880FF7-9A4A-42A4-99E7-59DC0B8A486F}.Debug|x86.Build.0 = Debug|Win32
		{63880FF7-9A4A-42A4-99E7-59DC0B8A486F}.Release|x64.ActiveCfg = Release|x64
		{63880FF7-9A4A-42A4-99E7-59DC0B8A486F}.Release|x64.Build.0 = Release|x64
		{63880FF7-9A4A-42A4-99E7-59DC0B8A486F}.Release|x86.ActiveCfg = Release|Win32
		{63880FF7-9A4A-42A4-99E7-59DC0B8A486F}.Release|x86.Build.0 = Release|Win32
	EndGlobalSection
	GlobalSection(SolutionProperties) = preSolution
		HideSolutionNode = FALSE
	EndGlobalSection
	GlobalSection(ExtensibilityGlobals) = postSolution
		SolutionGuid = {AE7439E5-730B-4A39-A680-97134A83C351}
	EndGlobalSection
EndGlobal
