
Microsoft Visual Studio Solution File, Format Version 12.00
# Visual Studio 15
VisualStudioVersion = 15.0.28307.645
MinimumVisualStudioVersion = 10.0.40219.1
Project("{8BC9CEB8-8B4A-11D0-8D11-00A0C91BC942}") = "ManipulateProcessMemory", "ManipulateProcessMemory\ManipulateProcessMemory.vcxproj", "{B612799D-FE23-43E2-8760-2DE99A146837}"
EndProject
Global
	GlobalSection(SolutionConfigurationPlatforms) = preSolution
		Debug|x64 = Debug|x64
		Debug|x86 = Debug|x86
		Release|x64 = Release|x64
		Release|x86 = Release|x86
	EndGlobalSection
	GlobalSection(ProjectConfigurationPlatforms) = postSolution
		{B612799D-FE23-43E2-8760-2DE99A146837}.Debug|x64.ActiveCfg = Debug|x64
		{B612799D-FE23-43E2-8760-2DE99A146837}.Debug|x64.Build.0 = Debug|x64
		{B612799D-FE23-43E2-8760-2DE99A146837}.Debug|x86.ActiveCfg = Debug|Win32
		{B612799D-FE23-43E2-8760-2DE99A146837}.Debug|x86.Build.0 = Debug|Win32
		{B612799D-FE23-43E2-8760-2DE99A146837}.Release|x64.ActiveCfg = Release|x64
		{B612799D-FE23-43E2-8760-2DE99A146837}.Release|x64.Build.0 = Release|x64
		{B612799D-FE23-43E2-8760-2DE99A146837}.Release|x86.ActiveCfg = Release|Win32
		{B612799D-FE23-43E2-8760-2DE99A146837}.Release|x86.Build.0 = Release|Win32
	EndGlobalSection
	GlobalSection(SolutionProperties) = preSolution
		HideSolutionNode = FALSE
	EndGlobalSection
	GlobalSection(ExtensibilityGlobals) = postSolution
		SolutionGuid = {84B67F27-4C3A-44C7-814D-7BA360F21F3B}
	EndGlobalSection
EndGlobal
